{
  "version": 4,
  "terraform_version": "1.4.2",
  "serial": 23,
  "lineage": "bb0beea3-aaa1-5a0b-9c1f-8b657d3fab06",
  "outputs": {},
  "resources": [
    {
      "mode": "managed",
      "type": "local_file",
      "name": "hello",
      "provider": "provider[\"registry.terraform.io/hashicorp/local\"]",
      "instances": [
        {
          "schema_version": 0,
          "attributes": {
            "content": "Hola, Terraform!",
            "content_base64": null,
            "content_base64sha256": "M5w0yuCrWpKH3R2m5gyGYNyIWetM6H8pT2cUwdFkXEo=",
            "content_base64sha512": "nAQERMywoxK6/j5icSmNQzZIpgIz4gs9p+KK2JIzEYJ4yglw8HVU0PlDZcAsn/Kr5FfLu0q3VDJWoDk34Oup3g==",
            "content_md5": "e13f0f8ed1f88f553ff957e67e559606",
            "content_sha1": "91a1ff15fc8af2cef2bc16492b23026af6655ba3",
            "content_sha256": "339c34cae0ab5a9287dd1da6e60c8660dc8859eb4ce87f294f6714c1d1645c4a",
            "content_sha512": "9c040444ccb0a312bafe3e6271298d433648a60233e20b3da7e28ad89233118278ca0970f07554d0f94365c02c9ff2abe457cbbb4ab7543256a03937e0eba9de",
            "directory_permission": "0777",
            "file_permission": "0777",
            "filename": "hola_terraform.txt",
            "id": "91a1ff15fc8af2cef2bc16492b23026af6655ba3",
            "sensitive_content": null,
            "source": null
          },
          "sensitive_attributes": []
        }
      ]
    }
  ],
  "check_results": null
}
